
Microsoft Visual Studio Solution File, Format Version 12.00
# Visual Studio 15
VisualStudioVersion = 15.0.28307.329
MinimumVisualStudioVersion = 10.0.40219.1
Project("{FAE04EC0-301F-11D3-BF4B-00C04F79EFBC}") = "StackImplementationUsingTDD", "StackImplementationUsingTDD\StackImplementationUsingTDD.csproj", "{0BF1EDFB-E0C4-46CB-AD4B-E75A593020B5}"
EndProject
Project("{FAE04EC0-301F-11D3-BF4B-00C04F79EFBC}") = "StackImplementationUsingTDDTests", "StackImplementationUsingTDDTests\StackImplementationUsingTDDTests.csproj", "{794096DB-05AB-4D79-BDFB-027E771454CD}"
EndProject
Global
	GlobalSection(SolutionConfigurationPlatforms) = preSolution
		Debug|Any CPU = Debug|Any CPU
		Release|Any CPU = Release|Any CPU
	EndGlobalSection
	GlobalSection(ProjectConfigurationPlatforms) = postSolution
		{0BF1EDFB-E0C4-46CB-AD4B-E75A593020B5}.Debug|Any CPU.ActiveCfg = Debug|Any CPU
		{0BF1EDFB-E0C4-46CB-AD4B-E75A593020B5}.Debug|Any CPU.Build.0 = Debug|Any CPU
		{0BF1EDFB-E0C4-46CB-AD4B-E75A593020B5}.Release|Any CPU.ActiveCfg = Release|Any CPU
		{0BF1EDFB-E0C4-46CB-AD4B-E75A593020B5}.Release|Any CPU.Build.0 = Release|Any CPU
		{794096DB-05AB-4D79-BDFB-027E771454CD}.Debug|Any CPU.ActiveCfg = Debug|Any CPU
		{794096DB-05AB-4D79-BDFB-027E771454CD}.Debug|Any CPU.Build.0 = Debug|Any CPU
		{794096DB-05AB-4D79-BDFB-027E771454CD}.Release|Any CPU.ActiveCfg = Release|Any CPU
		{794096DB-05AB-4D79-BDFB-027E771454CD}.Release|Any CPU.Build.0 = Release|Any CPU
	EndGlobalSection
	GlobalSection(SolutionProperties) = preSolution
		HideSolutionNode = FALSE
	EndGlobalSection
	GlobalSection(ExtensibilityGlobals) = postSolution
		SolutionGuid = {73EA2724-6789-41DA-A19A-98666E1EF766}
	EndGlobalSection
EndGlobal
